
Microsoft Visual Studio Solution File, Format Version 12.00
# Visual Studio Version 17
VisualStudioVersion = 17.3.32804.467
MinimumVisualStudioVersion = 10.0.40219.1
Project("{9A19103F-16F7-4668-BE54-9A1E7A4F7556}") = "AutoCycle", "AutoCycle.csproj", "{8E956B09-7047-4526-B320-BB5EF5AC53F0}"
EndProject
Project("{FAE04EC0-301F-11D3-BF4B-00C04F79EFBC}") = "AutoCycle2", "..\AutoCycle2\AutoCycle2.csproj", "{7DFAB6F8-1ECF-444A-A494-8F0CF4C13EAE}"
EndProject
Global
	GlobalSection(SolutionConfigurationPlatforms) = preSolution
		Debug|Any CPU = Debug|Any CPU
		Release|Any CPU = Release|Any CPU
	EndGlobalSection
	GlobalSection(ProjectConfigurationPlatforms) = postSolution
		{8E956B09-7047-4526-B320-BB5EF5AC53F0}.Debug|Any CPU.ActiveCfg = Debug|Any CPU
		{8E956B09-7047-4526-B320-BB5EF5AC53F0}.Debug|Any CPU.Build.0 = Debug|Any CPU
		{8E956B09-7047-4526-B320-BB5EF5AC53F0}.Release|Any CPU.ActiveCfg = Release|Any CPU
		{8E956B09-7047-4526-B320-BB5EF5AC53F0}.Release|Any CPU.Build.0 = Release|Any CPU
		{7DFAB6F8-1ECF-444A-A494-8F0CF4C13EAE}.Debug|Any CPU.ActiveCfg = Debug|Any CPU
		{7DFAB6F8-1ECF-444A-A494-8F0CF4C13EAE}.Debug|Any CPU.Build.0 = Debug|Any CPU
		{7DFAB6F8-1ECF-444A-A494-8F0CF4C13EAE}.Release|Any CPU.ActiveCfg = Release|Any CPU
		{7DFAB6F8-1ECF-444A-A494-8F0CF4C13EAE}.Release|Any CPU.Build.0 = Release|Any CPU
	EndGlobalSection
	GlobalSection(SolutionProperties) = preSolution
		HideSolutionNode = FALSE
	EndGlobalSection
	GlobalSection(ExtensibilityGlobals) = postSolution
		SolutionGuid = {110B8949-48B4-427D-99F6-DF9E787510B3}
	EndGlobalSection
EndGlobal
